
Microsoft Visual Studio Solution File, Format Version 12.00
# Visual Studio Version 16
VisualStudioVersion = 16.0.29215.179
MinimumVisualStudioVersion = 10.0.40219.1
Project("{FAE04EC0-301F-11D3-BF4B-00C04F79EFBC}") = "FloatingLabels.Xamarin.Forms.Demo.UWP", "FloatingLabels.Xamarin.Forms.Demo\FloatingLabels.Xamarin.Forms.Demo.UWP\FloatingLabels.Xamarin.Forms.Demo.UWP.csproj", "{78D095AB-21AE-478C-AC64-46CB863613CA}"
EndProject
Project("{FAE04EC0-301F-11D3-BF4B-00C04F79EFBC}") = "FloatingLabels.Xamarin.Forms.Demo.Android", "FloatingLabels.Xamarin.Forms.Demo\FloatingLabels.Xamarin.Forms.Demo.Android\FloatingLabels.Xamarin.Forms.Demo.Android.csproj", "{2E0901E9-AC93-4A8B-83F5-280EB5B82F36}"
EndProject
Project("{FAE04EC0-301F-11D3-BF4B-00C04F79EFBC}") = "FloatingLabels.Xamarin.Forms.Demo.iOS", "FloatingLabels.Xamarin.Forms.Demo\FloatingLabels.Xamarin.Forms.Demo.iOS\FloatingLabels.Xamarin.Forms.Demo.iOS.csproj", "{5381148F-08E4-493C-9C10-47FFFCAA449F}"
EndProject
Project("{FAE04EC0-301F-11D3-BF4B-00C04F79EFBC}") = "FloatingLabels.Xamarin.Forms.Demo", "FloatingLabels.Xamarin.Forms.Demo\FloatingLabels.Xamarin.Forms.Demo\FloatingLabels.Xamarin.Forms.Demo.csproj", "{8296A18E-741B-4AD6-AD61-1686E251593F}"
EndProject
Project("{2150E333-8FDC-42A3-9474-1A3956D46DE8}") = "Xamarin.Forms", "Xamarin.Forms", "{1C00B2CE-F261-4B32-9024-6375C5084E8B}"
EndProject
Project("{FAE04EC0-301F-11D3-BF4B-00C04F79EFBC}") = "FloatingLabels.Xamarin.Forms", "FloatingLabels.Xamarin.Forms\FloatingLabels.Xamarin.Forms.csproj", "{CD2A781F-B720-4959-8646-B76D52964E82}"
EndProject
Global
	GlobalSection(SolutionConfigurationPlatforms) = preSolution
		Debug|Any CPU = Debug|Any CPU
		Debug|ARM = Debug|ARM
		Debug|iPhone = Debug|iPhone
		Debug|iPhoneSimulator = Debug|iPhoneSimulator
		Debug|x64 = Debug|x64
		Debug|x86 = Debug|x86
		Release|Any CPU = Release|Any CPU
		Release|ARM = Release|ARM
		Release|iPhone = Release|iPhone
		Release|iPhoneSimulator = Release|iPhoneSimulator
		Release|x64 = Release|x64
		Release|x86 = Release|x86
	EndGlobalSection
	GlobalSection(ProjectConfigurationPlatforms) = postSolution
		{78D095AB-21AE-478C-AC64-46CB863613CA}.Debug|Any CPU.ActiveCfg = Debug|x86
		{78D095AB-21AE-478C-AC64-46CB863613CA}.Debug|Any CPU.Build.0 = Debug|x86
		{78D095AB-21AE-478C-AC64-46CB863613CA}.Debug|Any CPU.Deploy.0 = Debug|x86
		{78D095AB-21AE-478C-AC64-46CB863613CA}.Debug|ARM.ActiveCfg = Debug|ARM
		{78D095AB-21AE-478C-AC64-46CB863613CA}.Debug|ARM.Build.0 = Debug|ARM
		{78D095AB-21AE-478C-AC64-46CB863613CA}.Debug|ARM.Deploy.0 = Debug|ARM
		{78D095AB-21AE-478C-AC64-46CB863613CA}.Debug|iPhone.ActiveCfg = Debug|x86
		{78D095AB-21AE-478C-AC64-46CB863613CA}.Debug|iPhone.Build.0 = Debug|x86
		{78D095AB-21AE-478C-AC64-46CB863613CA}.Debug|iPhone.Deploy.0 = Debug|x86
		{78D095AB-21AE-478C-AC64-46CB863613CA}.Debug|iPhoneSimulator.ActiveCfg = Debug|x86
		{78D095AB-21AE-478C-AC64-46CB863613CA}.Debug|iPhoneSimulator.Build.0 = Debug|x86
		{78D095AB-21AE-478C-AC64-46CB863613CA}.Debug|iPhoneSimulator.Deploy.0 = Debug|x86
		{78D095AB-21AE-478C-AC64-46CB863613CA}.Debug|x64.ActiveCfg = Debug|x64
		{78D095AB-21AE-478C-AC64-46CB863613CA}.Debug|x64.Build.0 = Debug|x64
		{78D095AB-21AE-478C-AC64-46CB863613CA}.Debug|x64.Deploy.0 = Debug|x64
		{78D095AB-21AE-478C-AC64-46CB863613CA}.Debug|x86.ActiveCfg = Debug|x86
		{78D095AB-21AE-478C-AC64-46CB863613CA}.Debug|x86.Build.0 = Debug|x86
		{78D095AB-21AE-478C-AC64-46CB863613CA}.Debug|x86.Deploy.0 = Debug|x86
		{78D095AB-21AE-478C-AC64-46CB863613CA}.Release|Any CPU.ActiveCfg = Release|x86
		{78D095AB-21AE-478C-AC64-46CB863613CA}.Release|Any CPU.Build.0 = Release|x86
		{78D095AB-21AE-478C-AC64-46CB863613CA}.Release|Any CPU.Deploy.0 = Release|x86
		{78D095AB-21AE-478C-AC64-46CB863613CA}.Release|ARM.ActiveCfg = Release|ARM
		{78D095AB-21AE-478C-AC64-46CB863613CA}.Release|ARM.Build.0 = Release|ARM
		{78D095AB-21AE-478C-AC64-46CB863613CA}.Release|ARM.Deploy.0 = Release|ARM
		{78D095AB-21AE-478C-AC64-46CB863613CA}.Release|iPhone.ActiveCfg = Release|x86
		{78D095AB-21AE-478C-AC64-46CB863613CA}.Release|iPhone.Build.0 = Release|x86
		{78D095AB-21AE-478C-AC64-46CB863613CA}.Release|iPhone.Deploy.0 = Release|x86
		{78D095AB-21AE-478C-AC64-46CB863613CA}.Release|iPhoneSimulator.ActiveCfg = Release|x86
		{78D095AB-21AE-478C-AC64-46CB863613CA}.Release|iPhoneSimulator.Build.0 = Release|x86
		{78D095AB-21AE-478C-AC64-46CB863613CA}.Release|iPhoneSimulator.Deploy.0 = Release|x86
		{78D095AB-21AE-478C-AC64-46CB863613CA}.Release|x64.ActiveCfg = Release|x64
		{78D095AB-21AE-478C-AC64-46CB863613CA}.Release|x64.Build.0 = Release|x64
		{78D095AB-21AE-478C-AC64-46CB863613CA}.Release|x64.Deploy.0 = Release|x64
		{78D095AB-21AE-478C-AC64-46CB863613CA}.Release|x86.ActiveCfg = Release|x86
		{78D095AB-21AE-478C-AC64-46CB863613CA}.Release|x86.Build.0 = Release|x86
		{78D095AB-21AE-478C-AC64-46CB863613CA}.Release|x86.Deploy.0 = Release|x86
		{2E0901E9-AC93-4A8B-83F5-280EB5B82F36}.Debug|Any CPU.ActiveCfg = Debug|Any CPU
		{2E0901E9-AC93-4A8B-83F5-280EB5B82F36}.Debug|Any CPU.Build.0 = Debug|Any CPU
		{2E0901E9-AC93-4A8B-83F5-280EB5B82F36}.Debug|Any CPU.Deploy.0 = Debug|Any CPU
		{2E0901E9-AC93-4A8B-83F5-280EB5B82F36}.Debug|ARM.ActiveCfg = Debug|Any CPU
		{2E0901E9-AC93-4A8B-83F5-280EB5B82F36}.Debug|ARM.Build.0 = Debug|Any CPU
		{2E0901E9-AC93-4A8B-83F5-280EB5B82F36}.Debug|ARM.Deploy.0 = Debug|Any CPU
		{2E0901E9-AC93-4A8B-83F5-280EB5B82F36}.Debug|iPhone.ActiveCfg = Debug|Any CPU
		{2E0901E9-AC93-4A8B-83F5-280EB5B82F36}.Debug|iPhone.Build.0 = Debug|Any CPU
		{2E0901E9-AC93-4A8B-83F5-280EB5B82F36}.Debug|iPhone.Deploy.0 = Debug|Any CPU
		{2E0901E9-AC93-4A8B-83F5-280EB5B82F36}.Debug|iPhoneSimulator.ActiveCfg = Debug|Any CPU
		{2E0901E9-AC93-4A8B-83F5-280EB5B82F36}.Debug|iPhoneSimulator.Build.0 = Debug|Any CPU
		{2E0901E9-AC93-4A8B-83F5-280EB5B82F36}.Debug|iPhoneSimulator.Deploy.0 = Debug|Any CPU
		{2E0901E9-AC93-4A8B-83F5-280EB5B82F36}.Debug|x64.ActiveCfg = Debug|Any CPU
		{2E0901E9-AC93-4A8B-83F5-280EB5B82F36}.Debug|x64.Build.0 = Debug|Any CPU
		{2E0901E9-AC93-4A8B-83F5-280EB5B82F36}.Debug|x64.Deploy.0 = Debug|Any CPU
		{2E0901E9-AC93-4A8B-83F5-280EB5B82F36}.Debug|x86.ActiveCfg = Debug|Any CPU
		{2E0901E9-AC93-4A8B-83F5-280EB5B82F36}.Debug|x86.Build.0 = Debug|Any CPU
		{2E0901E9-AC93-4A8B-83F5-280EB5B82F36}.Debug|x86.Deploy.0 = Debug|Any CPU
		{2E0901E9-AC93-4A8B-83F5-280EB5B82F36}.Release|Any CPU.ActiveCfg = Release|Any CPU
		{2E0901E9-AC93-4A8B-83F5-280EB5B82F36}.Release|Any CPU.Build.0 = Release|Any CPU
		{2E0901E9-AC93-4A8B-83F5-280EB5B82F36}.Release|Any CPU.Deploy.0 = Release|Any CPU
		{2E0901E9-AC93-4A8B-83F5-280EB5B82F36}.Release|ARM.ActiveCfg = Release|Any CPU
		{2E0901E9-AC93-4A8B-83F5-280EB5B82F36}.Release|ARM.Build.0 = Release|Any CPU
		{2E0901E9-AC93-4A8B-83F5-280EB5B82F36}.Release|ARM.Deploy.0 = Release|Any CPU
		{2E0901E9-AC93-4A8B-83F5-280EB5B82F36}.Release|iPhone.ActiveCfg = Release|Any CPU
		{2E0901E9-AC93-4A8B-83F5-280EB5B82F36}.Release|iPhone.Build.0 = Release|Any CPU
		{2E0901E9-AC93-4A8B-83F5-280EB5B82F36}.Release|iPhone.Deploy.0 = Release|Any CPU
		{2E0901E9-AC93-4A8B-83F5-280EB5B82F36}.Release|iPhoneSimulator.ActiveCfg = Release|Any CPU
		{2E0901E9-AC93-4A8B-83F5-280EB5B82F36}.Release|iPhoneSimulator.Build.0 = Release|Any CPU
		{2E0901E9-AC93-4A8B-83F5-280EB5B82F36}.Release|iPhoneSimulator.Deploy.0 = Release|Any CPU
		{2E0901E9-AC93-4A8B-83F5-280EB5B82F36}.Release|x64.ActiveCfg = Release|Any CPU
		{2E0901E9-AC93-4A8B-83F5-280EB5B82F36}.Release|x64.Build.0 = Release|Any CPU
		{2E0901E9-AC93-4A8B-83F5-280EB5B82F36}.Release|x64.Deploy.0 = Release|Any CPU
		{2E0901E9-AC93-4A8B-83F5-280EB5B82F36}.Release|x86.ActiveCfg = Release|Any CPU
		{2E0901E9-AC93-4A8B-83F5-280EB5B82F36}.Release|x86.Build.0 = Release|Any CPU
		{2E0901E9-AC93-4A8B-83F5-280EB5B82F36}.Release|x86.Deploy.0 = Release|Any CPU
		{5381148F-08E4-493C-9C10-47FFFCAA449F}.Debug|Any CPU.ActiveCfg = Debug|iPhone
		{5381148F-08E4-493C-9C10-47FFFCAA449F}.Debug|Any CPU.Build.0 = Debug|iPhone
		{5381148F-08E4-493C-9C10-47FFFCAA449F}.Debug|Any CPU.Deploy.0 = Debug|iPhone
		{5381148F-08E4-493C-9C10-47FFFCAA449F}.Debug|ARM.ActiveCfg = Debug|iPhoneSimulator
		{5381148F-08E4-493C-9C10-47FFFCAA449F}.Debug|ARM.Build.0 = Debug|iPhoneSimulator
		{5381148F-08E4-493C-9C10-47FFFCAA449F}.Debug|ARM.Deploy.0 = Debug|iPhoneSimulator
		{5381148F-08E4-493C-9C10-47FFFCAA449F}.Debug|iPhone.ActiveCfg = Debug|iPhone
		{5381148F-08E4-493C-9C10-47FFFCAA449F}.Debug|iPhone.Build.0 = Debug|iPhone
		{5381148F-08E4-493C-9C10-47FFFCAA449F}.Debug|iPhone.Deploy.0 = Debug|iPhone
		{5381148F-08E4-493C-9C10-47FFFCAA449F}.Debug|iPhoneSimulator.ActiveCfg = Debug|iPhoneSimulator
		{5381148F-08E4-493C-9C10-47FFFCAA449F}.Debug|iPhoneSimulator.Build.0 = Debug|iPhoneSimulator
		{5381148F-08E4-493C-9C10-47FFFCAA449F}.Debug|iPhoneSimulator.Deploy.0 = Debug|iPhoneSimulator
		{5381148F-08E4-493C-9C10-47FFFCAA449F}.Debug|x64.ActiveCfg = Debug|iPhone
		{5381148F-08E4-493C-9C10-47FFFCAA449F}.Debug|x64.Build.0 = Debug|iPhone
		{5381148F-08E4-493C-9C10-47FFFCAA449F}.Debug|x64.Deploy.0 = Debug|iPhone
		{5381148F-08E4-493C-9C10-47FFFCAA449F}.Debug|x86.ActiveCfg = Debug|iPhone
		{5381148F-08E4-493C-9C10-47FFFCAA449F}.Debug|x86.Build.0 = Debug|iPhone
		{5381148F-08E4-493C-9C10-47FFFCAA449F}.Debug|x86.Deploy.0 = Debug|iPhone
		{5381148F-08E4-493C-9C10-47FFFCAA449F}.Release|Any CPU.ActiveCfg = Release|iPhone
		{5381148F-08E4-493C-9C10-47FFFCAA449F}.Release|Any CPU.Build.0 = Release|iPhone
		{5381148F-08E4-493C-9C10-47FFFCAA449F}.Release|Any CPU.Deploy.0 = Release|iPhone
		{5381148F-08E4-493C-9C10-47FFFCAA449F}.Release|ARM.ActiveCfg = Release|iPhone
		{5381148F-08E4-493C-9C10-47FFFCAA449F}.Release|ARM.Build.0 = Release|iPhone
		{5381148F-08E4-493C-9C10-47FFFCAA449F}.Release|ARM.Deploy.0 = Release|iPhone
		{5381148F-08E4-493C-9C10-47FFFCAA449F}.Release|iPhone.ActiveCfg = Release|iPhone
		{5381148F-08E4-493C-9C10-47FFFCAA449F}.Release|iPhone.Build.0 = Release|iPhone
		{5381148F-08E4-493C-9C10-47FFFCAA449F}.Release|iPhone.Deploy.0 = Release|iPhone
		{5381148F-08E4-493C-9C10-47FFFCAA449F}.Release|iPhoneSimulator.ActiveCfg = Release|iPhoneSimulator
		{5381148F-08E4-493C-9C10-47FFFCAA449F}.Release|iPhoneSimulator.Build.0 = Release|iPhoneSimulator
		{5381148F-08E4-493C-9C10-47FFFCAA449F}.Release|iPhoneSimulator.Deploy.0 = Release|iPhoneSimulator
		{5381148F-08E4-493C-9C10-47FFFCAA449F}.Release|x64.ActiveCfg = Release|iPhone
		{5381148F-08E4-493C-9C10-47FFFCAA449F}.Release|x64.Build.0 = Release|iPhone
		{5381148F-08E4-493C-9C10-47FFFCAA449F}.Release|x64.Deploy.0 = Release|iPhone
		{5381148F-08E4-493C-9C10-47FFFCAA449F}.Release|x86.ActiveCfg = Release|iPhone
		{5381148F-08E4-493C-9C10-47FFFCAA449F}.Release|x86.Build.0 = Release|iPhone
		{5381148F-08E4-493C-9C10-47FFFCAA449F}.Release|x86.Deploy.0 = Release|iPhone
		{8296A18E-741B-4AD6-AD61-1686E251593F}.Debug|Any CPU.ActiveCfg = Debug|Any CPU
		{8296A18E-741B-4AD6-AD61-1686E251593F}.Debug|Any CPU.Build.0 = Debug|Any CPU
		{8296A18E-741B-4AD6-AD61-1686E251593F}.Debug|Any CPU.Deploy.0 = Debug|Any CPU
		{8296A18E-741B-4AD6-AD61-1686E251593F}.Debug|ARM.ActiveCfg = Debug|Any CPU
		{8296A18E-741B-4AD6-AD61-1686E251593F}.Debug|ARM.Build.0 = Debug|Any CPU
		{8296A18E-741B-4AD6-AD61-1686E251593F}.Debug|ARM.Deploy.0 = Debug|Any CPU
		{8296A18E-741B-4AD6-AD61-1686E251593F}.Debug|iPhone.ActiveCfg = Debug|Any CPU
		{8296A18E-741B-4AD6-AD61-1686E251593F}.Debug|iPhone.Build.0 = Debug|Any CPU
		{8296A18E-741B-4AD6-AD61-1686E251593F}.Debug|iPhone.Deploy.0 = Debug|Any CPU
		{8296A18E-741B-4AD6-AD61-1686E251593F}.Debug|iPhoneSimulator.ActiveCfg = Debug|Any CPU
		{8296A18E-741B-4AD6-AD61-1686E251593F}.Debug|iPhoneSimulator.Build.0 = Debug|Any CPU
		{8296A18E-741B-4AD6-AD61-1686E251593F}.Debug|iPhoneSimulator.Deploy.0 = Debug|Any CPU
		{8296A18E-741B-4AD6-AD61-1686E251593F}.Debug|x64.ActiveCfg = Debug|Any CPU
		{8296A18E-741B-4AD6-AD61-1686E251593F}.Debug|x64.Build.0 = Debug|Any CPU
		{8296A18E-741B-4AD6-AD61-1686E251593F}.Debug|x64.Deploy.0 = Debug|Any CPU
		{8296A18E-741B-4AD6-AD61-1686E251593F}.Debug|x86.ActiveCfg = Debug|Any CPU
		{8296A18E-741B-4AD6-AD61-1686E251593F}.Debug|x86.Build.0 = Debug|Any CPU
		{8296A18E-741B-4AD6-AD61-1686E251593F}.Debug|x86.Deploy.0 = Debug|Any CPU
		{8296A18E-741B-4AD6-AD61-1686E251593F}.Release|Any CPU.ActiveCfg = Release|Any CPU
		{8296A18E-741B-4AD6-AD61-1686E251593F}.Release|Any CPU.Build.0 = Release|Any CPU
		{8296A18E-741B-4AD6-AD61-1686E251593F}.Release|Any CPU.Deploy.0 = Release|Any CPU
		{8296A18E-741B-4AD6-AD61-1686E251593F}.Release|ARM.ActiveCfg = Release|Any CPU
		{8296A18E-741B-4AD6-AD61-1686E251593F}.Release|ARM.Build.0 = Release|Any CPU
		{8296A18E-741B-4AD6-AD61-1686E251593F}.Release|ARM.Deploy.0 = Release|Any CPU
		{8296A18E-741B-4AD6-AD61-1686E251593F}.Release|iPhone.ActiveCfg = Release|Any CPU
		{8296A18E-741B-4AD6-AD61-1686E251593F}.Release|iPhone.Build.0 = Release|Any CPU
		{8296A18E-741B-4AD6-AD61-1686E251593F}.Release|iPhone.Deploy.0 = Release|Any CPU
		{8296A18E-741B-4AD6-AD61-1686E251593F}.Release|iPhoneSimulator.ActiveCfg = Release|Any CPU
		{8296A18E-741B-4AD6-AD61-1686E251593F}.Release|iPhoneSimulator.Build.0 = Release|Any CPU
		{8296A18E-741B-4AD6-AD61-1686E251593F}.Release|iPhoneSimulator.Deploy.0 = Release|Any CPU
		{8296A18E-741B-4AD6-AD61-1686E251593F}.Release|x64.ActiveCfg = Release|Any CPU
		{8296A18E-741B-4AD6-AD61-1686E251593F}.Release|x64.Build.0 = Release|Any CPU
		{8296A18E-741B-4AD6-AD61-1686E251593F}.Release|x64.Deploy.0 = Release|Any CPU
		{8296A18E-741B-4AD6-AD61-1686E251593F}.Release|x86.ActiveCfg = Release|Any CPU
		{8296A18E-741B-4AD6-AD61-1686E251593F}.Release|x86.Build.0 = Release|Any CPU
		{8296A18E-741B-4AD6-AD61-1686E251593F}.Release|x86.Deploy.0 = Release|Any CPU
		{CD2A781F-B720-4959-8646-B76D52964E82}.Debug|Any CPU.ActiveCfg = Debug|Any CPU
		{CD2A781F-B720-4959-8646-B76D52964E82}.Debug|Any CPU.Build.0 = Debug|Any CPU
		{CD2A781F-B720-4959-8646-B76D52964E82}.Debug|ARM.ActiveCfg = Debug|Any CPU
		{CD2A781F-B720-4959-8646-B76D52964E82}.Debug|ARM.Build.0 = Debug|Any CPU
		{CD2A781F-B720-4959-8646-B76D52964E82}.Debug|iPhone.ActiveCfg = Debug|Any CPU
		{CD2A781F-B720-4959-8646-B76D52964E82}.Debug|iPhone.Build.0 = Debug|Any CPU
		{CD2A781F-B720-4959-8646-B76D52964E82}.Debug|iPhoneSimulator.ActiveCfg = Debug|Any CPU
		{CD2A781F-B720-4959-8646-B76D52964E82}.Debug|iPhoneSimulator.Build.0 = Debug|Any CPU
		{CD2A781F-B720-4959-8646-B76D52964E82}.Debug|x64.ActiveCfg = Debug|Any CPU
		{CD2A781F-B720-4959-8646-B76D52964E82}.Debug|x64.Build.0 = Debug|Any CPU
		{CD2A781F-B720-4959-8646-B76D52964E82}.Debug|x86.ActiveCfg = Debug|Any CPU
		{CD2A781F-B720-4959-8646-B76D52964E82}.Debug|x86.Build.0 = Debug|Any CPU
		{CD2A781F-B720-4959-8646-B76D52964E82}.Release|Any CPU.ActiveCfg = Release|Any CPU
		{CD2A781F-B720-4959-8646-B76D52964E82}.Release|Any CPU.Build.0 = Release|Any CPU
		{CD2A781F-B720-4959-8646-B76D52964E82}.Release|ARM.ActiveCfg = Release|Any CPU
		{CD2A781F-B720-4959-8646-B76D52964E82}.Release|ARM.Build.0 = Release|Any CPU
		{CD2A781F-B720-4959-8646-B76D52964E82}.Release|iPhone.ActiveCfg = Release|Any CPU
		{CD2A781F-B720-4959-8646-B76D52964E82}.Release|iPhone.Build.0 = Release|Any CPU
		{CD2A781F-B720-4959-8646-B76D52964E82}.Release|iPhoneSimulator.ActiveCfg = Release|Any CPU
		{CD2A781F-B720-4959-8646-B76D52964E82}.Release|iPhoneSimulator.Build.0 = Release|Any CPU
		{CD2A781F-B720-4959-8646-B76D52964E82}.Release|x64.ActiveCfg = Release|Any CPU
		{CD2A781F-B720-4959-8646-B76D52964E82}.Release|x64.Build.0 = Release|Any CPU
		{CD2A781F-B720-4959-8646-B76D52964E82}.Release|x86.ActiveCfg = Release|Any CPU
		{CD2A781F-B720-4959-8646-B76D52964E82}.Release|x86.Build.0 = Release|Any CPU
	EndGlobalSection
	GlobalSection(SolutionProperties) = preSolution
		HideSolutionNode = FALSE
	EndGlobalSection
	GlobalSection(NestedProjects) = preSolution
		{78D095AB-21AE-478C-AC64-46CB863613CA} = {1C00B2CE-F261-4B32-9024-6375C5084E8B}
		{2E0901E9-AC93-4A8B-83F5-280EB5B82F36} = {1C00B2CE-F261-4B32-9024-6375C5084E8B}
		{5381148F-08E4-493C-9C10-47FFFCAA449F} = {1C00B2CE-F261-4B32-9024-6375C5084E8B}
		{8296A18E-741B-4AD6-AD61-1686E251593F} = {1C00B2CE-F261-4B32-9024-6375C5084E8B}
		{CD2A781F-B720-4959-8646-B76D52964E82} = {1C00B2CE-F261-4B32-9024-6375C5084E8B}
	EndGlobalSection
	GlobalSection(ExtensibilityGlobals) = postSolution
		SolutionGuid = {36A713C2-9E68-410C-B8F8-CA7B69988B3C}
	EndGlobalSection
EndGlobal
